
Microsoft Visual Studio Solution File, Format Version 12.00
# Visual Studio 15
VisualStudioVersion = 15.0.28307.757
MinimumVisualStudioVersion = 10.0.40219.1
Project("{8BC9CEB8-8B4A-11D0-8D11-00A0C91BC942}") = "deque", "deque\deque.vcxproj", "{AFCC437E-7CC7-43D1-AFD6-B4730C4CB7AE}"
EndProject
Global
	GlobalSection(SolutionConfigurationPlatforms) = preSolution
		Debug|x64 = Debug|x64
		Debug|x86 = Debug|x86
		Release|x64 = Release|x64
		Release|x86 = Release|x86
	EndGlobalSection
	GlobalSection(ProjectConfigurationPlatforms) = postSolution
		{AFCC437E-7CC7-43D1-AFD6-B4730C4CB7AE}.Debug|x64.ActiveCfg = Debug|x64
		{AFCC437E-7CC7-43D1-AFD6-B4730C4CB7AE}.Debug|x64.Build.0 = Debug|x64
		{AFCC437E-7CC7-43D1-AFD6-B4730C4CB7AE}.Debug|x86.ActiveCfg = Debug|Win32
		{AFCC437E-7CC7-43D1-AFD6-B4730C4CB7AE}.Debug|x86.Build.0 = Debug|Win32
		{AFCC437E-7CC7-43D1-AFD6-B4730C4CB7AE}.Release|x64.ActiveCfg = Release|x64
		{AFCC437E-7CC7-43D1-AFD6-B4730C4CB7AE}.Release|x64.Build.0 = Release|x64
		{AFCC437E-7CC7-43D1-AFD6-B4730C4CB7AE}.Release|x86.ActiveCfg = Release|Win32
		{AFCC437E-7CC7-43D1-AFD6-B4730C4CB7AE}.Release|x86.Build.0 = Release|Win32
	EndGlobalSection
	GlobalSection(SolutionProperties) = preSolution
		HideSolutionNode = FALSE
	EndGlobalSection
	GlobalSection(ExtensibilityGlobals) = postSolution
		SolutionGuid = {BDC703D7-1159-4937-AD3D-9D360861E00E}
	EndGlobalSection
EndGlobal
